
Microsoft Visual Studio Solution File, Format Version 12.00
# Visual Studio Version 17
VisualStudioVersion = 17.1.31911.260
MinimumVisualStudioVersion = 10.0.40219.1
Project("{FAE04EC0-301F-11D3-BF4B-00C04F79EFBC}") = "MagicHue", "MagicHue\MagicHue.csproj", "{EFD04F5A-59A2-489D-9F2E-76C2FD2039B9}"
EndProject
Project("{FAE04EC0-301F-11D3-BF4B-00C04F79EFBC}") = "Example", "Example\Example.csproj", "{7E647EFC-928C-43C5-9FA4-38FDE3E1FA54}"
EndProject
Global
	GlobalSection(SolutionConfigurationPlatforms) = preSolution
		Debug|Any CPU = Debug|Any CPU
		Release|Any CPU = Release|Any CPU
	EndGlobalSection
	GlobalSection(ProjectConfigurationPlatforms) = postSolution
		{EFD04F5A-59A2-489D-9F2E-76C2FD2039B9}.Debug|Any CPU.ActiveCfg = Debug|Any CPU
		{EFD04F5A-59A2-489D-9F2E-76C2FD2039B9}.Debug|Any CPU.Build.0 = Debug|Any CPU
		{EFD04F5A-59A2-489D-9F2E-76C2FD2039B9}.Release|Any CPU.ActiveCfg = Release|Any CPU
		{EFD04F5A-59A2-489D-9F2E-76C2FD2039B9}.Release|Any CPU.Build.0 = Release|Any CPU
		{7E647EFC-928C-43C5-9FA4-38FDE3E1FA54}.Debug|Any CPU.ActiveCfg = Debug|Any CPU
		{7E647EFC-928C-43C5-9FA4-38FDE3E1FA54}.Debug|Any CPU.Build.0 = Debug|Any CPU
		{7E647EFC-928C-43C5-9FA4-38FDE3E1FA54}.Release|Any CPU.ActiveCfg = Release|Any CPU
		{7E647EFC-928C-43C5-9FA4-38FDE3E1FA54}.Release|Any CPU.Build.0 = Release|Any CPU
	EndGlobalSection
	GlobalSection(SolutionProperties) = preSolution
		HideSolutionNode = FALSE
	EndGlobalSection
	GlobalSection(ExtensibilityGlobals) = postSolution
		SolutionGuid = {44C781FA-F992-4324-BB99-75EFE7505F0C}
	EndGlobalSection
EndGlobal
